
Microsoft Visual Studio Solution File, Format Version 12.00
# Visual Studio 2013
VisualStudioVersion = 12.0.40629.0
MinimumVisualStudioVersion = 10.0.40219.1
Project("{FAE04EC0-301F-11D3-BF4B-00C04F79EFBC}") = "CombinePNG", "CombinePNG\CombinePNG.csproj", "{D85C5FC7-21E5-4438-9D35-C53E0AA563EE}"
EndProject
Global
	GlobalSection(SolutionConfigurationPlatforms) = preSolution
		Debug|Any CPU = Debug|Any CPU
		Release|Any CPU = Release|Any CPU
	EndGlobalSection
	GlobalSection(ProjectConfigurationPlatforms) = postSolution
		{D85C5FC7-21E5-4438-9D35-C53E0AA563EE}.Debug|Any CPU.ActiveCfg = Debug|Any CPU
		{D85C5FC7-21E5-4438-9D35-C53E0AA563EE}.Debug|Any CPU.Build.0 = Debug|Any CPU
		{D85C5FC7-21E5-4438-9D35-C53E0AA563EE}.Release|Any CPU.ActiveCfg = Release|Any CPU
		{D85C5FC7-21E5-4438-9D35-C53E0AA563EE}.Release|Any CPU.Build.0 = Release|Any CPU
	EndGlobalSection
	GlobalSection(SolutionProperties) = preSolution
		HideSolutionNode = FALSE
	EndGlobalSection
EndGlobal
